{
  "name": "proovitoo_RIK",
  "lockfileVersion": 2,
  "requires": true,
  "packages": {
    "": {
      "dependencies": {
        "jquery-datetimepicker": "^2.5.21",
        "pc-bootstrap4-datetimepicker": "^4.17.51"
      }
    },
    "node_modules/bootstrap": {
      "version": "4.6.0",
      "resolved": "https://registry.npmjs.org/bootstrap/-/bootstrap-4.6.0.tgz",
      "integrity": "sha512-Io55IuQY3kydzHtbGvQya3H+KorS/M9rSNyfCGCg9WZ4pyT/lCxIlpJgG1GXW/PswzC84Tr2fBYi+7+jFVQQBw==",
      "funding": {
        "type": "opencollective",
        "url": "https://opencollective.com/bootstrap"
      },
      "peerDependencies": {
        "jquery": "1.9.1 - 3",
        "popper.js": "^1.16.1"
      }
    },
    "node_modules/jquery": {
      "version": "3.6.0",
      "resolved": "https://registry.npmjs.org/jquery/-/jquery-3.6.0.tgz",
      "integrity": "sha512-JVzAR/AjBvVt2BmYhxRCSYysDsPcssdmTFnzyLEts9qNwmjmu4JTAMYubEfwVOSwpQ1I1sKKFcxhZCI2buerfw=="
    },
    "node_modules/jquery-datetimepicker": {
      "version": "2.5.21",
      "resolved": "https://registry.npmjs.org/jquery-datetimepicker/-/jquery-datetimepicker-2.5.21.tgz",
      "integrity": "sha512-wDTpZ4f1PWd1XGaIIE0n6jLynlm+akBJ7/NjaB1bk2UJSS593CHJPZ3+FNEXoyvNVUeBlBC0oX6WTfCyfUhX/w==",
      "dependencies": {
        "jquery": ">= 1.7.2",
        "jquery-mousewheel": ">= 3.1.13",
        "php-date-formatter": "^1.3.4"
      }
    },
    "node_modules/jquery-mousewheel": {
      "version": "3.1.13",
      "resolved": "https://registry.npmjs.org/jquery-mousewheel/-/jquery-mousewheel-3.1.13.tgz",
      "integrity": "sha1-BvAzXxbjU6aV5yBr9QUDy1I6buU="
    },
    "node_modules/moment": {
      "version": "2.29.1",
      "resolved": "https://registry.npmjs.org/moment/-/moment-2.29.1.tgz",
      "integrity": "sha512-kHmoybcPV8Sqy59DwNDY3Jefr64lK/by/da0ViFcuA4DH0vQg5Q6Ze5VimxkfQNSC+Mls/Kx53s7TjP1RhFEDQ==",
      "engines": {
        "node": "*"
      }
    },
    "node_modules/moment-timezone": {
      "version": "0.4.1",
      "resolved": "https://registry.npmjs.org/moment-timezone/-/moment-timezone-0.4.1.tgz",
      "integrity": "sha1-gfWYw61eIs2teWtn7NjYjQ9bqgY=",
      "dependencies": {
        "moment": ">= 2.6.0"
      },
      "engines": {
        "node": "*"
      }
    },
    "node_modules/pc-bootstrap4-datetimepicker": {
      "version": "4.17.51",
      "resolved": "https://registry.npmjs.org/pc-bootstrap4-datetimepicker/-/pc-bootstrap4-datetimepicker-4.17.51.tgz",
      "integrity": "sha512-UQDSKS5d1c43btk2vQ4siiv9YIkscZYQfTE513abeTqh5PIOJiyAeNdoCSTsDTZcpWJtWZHWk15yDXypYSFzcQ==",
      "dependencies": {
        "bootstrap": "^4.0.0-beta.2",
        "jquery": "^1.8.3 || ^2.0 || ^3.0",
        "moment": "^2.10",
        "moment-timezone": "^0.4.0"
      },
      "peerDependencies": {
        "bootstrap": "^4.0.0-beta.2",
        "jquery": "^1.8.3 || ^2.0 || ^3.0",
        "moment": "^2.10",
        "moment-timezone": "^0.4.0 || ^0.5.0"
      }
    },
    "node_modules/php-date-formatter": {
      "version": "1.3.6",
      "resolved": "https://registry.npmjs.org/php-date-formatter/-/php-date-formatter-1.3.6.tgz",
      "integrity": "sha512-/CKsZYmAwXeNh8KpD/CF9hcJDZNhdb2ICN8+qgqOt5sUu9liZIxZ1R284TNj5MtPt8RjG5X0xn6WSqL0kcKMBg=="
    },
    "node_modules/popper.js": {
      "version": "1.16.1",
      "resolved": "https://registry.npmjs.org/popper.js/-/popper.js-1.16.1.tgz",
      "integrity": "sha512-Wb4p1J4zyFTbM+u6WuO4XstYx4Ky9Cewe4DWrel7B0w6VVICvPwdOpotjzcf6eD8TsckVnIMNONQyPIUFOUbCQ==",
      "deprecated": "You can find the new Popper v2 at @popperjs/core, this package is dedicated to the legacy v1",
      "peer": true,
      "funding": {
        "type": "opencollective",
        "url": "https://opencollective.com/popperjs"
      }
    }
  },
  "dependencies": {
    "bootstrap": {
      "version": "4.6.0",
      "resolved": "https://registry.npmjs.org/bootstrap/-/bootstrap-4.6.0.tgz",
      "integrity": "sha512-Io55IuQY3kydzHtbGvQya3H+KorS/M9rSNyfCGCg9WZ4pyT/lCxIlpJgG1GXW/PswzC84Tr2fBYi+7+jFVQQBw==",
      "requires": {}
    },
    "jquery": {
      "version": "3.6.0",
      "resolved": "https://registry.npmjs.org/jquery/-/jquery-3.6.0.tgz",
      "integrity": "sha512-JVzAR/AjBvVt2BmYhxRCSYysDsPcssdmTFnzyLEts9qNwmjmu4JTAMYubEfwVOSwpQ1I1sKKFcxhZCI2buerfw=="
    },
    "jquery-datetimepicker": {
      "version": "2.5.21",
      "resolved": "https://registry.npmjs.org/jquery-datetimepicker/-/jquery-datetimepicker-2.5.21.tgz",
      "integrity": "sha512-wDTpZ4f1PWd1XGaIIE0n6jLynlm+akBJ7/NjaB1bk2UJSS593CHJPZ3+FNEXoyvNVUeBlBC0oX6WTfCyfUhX/w==",
      "requires": {
        "jquery": ">= 1.7.2",
        "jquery-mousewheel": ">= 3.1.13",
        "php-date-formatter": "^1.3.4"
      }
    },
    "jquery-mousewheel": {
      "version": "3.1.13",
      "resolved": "https://registry.npmjs.org/jquery-mousewheel/-/jquery-mousewheel-3.1.13.tgz",
      "integrity": "sha1-BvAzXxbjU6aV5yBr9QUDy1I6buU="
    },
    "moment": {
      "version": "2.29.1",
      "resolved": "https://registry.npmjs.org/moment/-/moment-2.29.1.tgz",
      "integrity": "sha512-kHmoybcPV8Sqy59DwNDY3Jefr64lK/by/da0ViFcuA4DH0vQg5Q6Ze5VimxkfQNSC+Mls/Kx53s7TjP1RhFEDQ=="
    },
    "moment-timezone": {
      "version": "0.4.1",
      "resolved": "https://registry.npmjs.org/moment-timezone/-/moment-timezone-0.4.1.tgz",
      "integrity": "sha1-gfWYw61eIs2teWtn7NjYjQ9bqgY=",
      "requires": {
        "moment": ">= 2.6.0"
      }
    },
    "pc-bootstrap4-datetimepicker": {
      "version": "4.17.51",
      "resolved": "https://registry.npmjs.org/pc-bootstrap4-datetimepicker/-/pc-bootstrap4-datetimepicker-4.17.51.tgz",
      "integrity": "sha512-UQDSKS5d1c43btk2vQ4siiv9YIkscZYQfTE513abeTqh5PIOJiyAeNdoCSTsDTZcpWJtWZHWk15yDXypYSFzcQ==",
      "requires": {
        "bootstrap": "^4.0.0-beta.2",
        "jquery": "^1.8.3 || ^2.0 || ^3.0",
        "moment": "^2.10",
        "moment-timezone": "^0.4.0"
      }
    },
    "php-date-formatter": {
      "version": "1.3.6",
      "resolved": "https://registry.npmjs.org/php-date-formatter/-/php-date-formatter-1.3.6.tgz",
      "integrity": "sha512-/CKsZYmAwXeNh8KpD/CF9hcJDZNhdb2ICN8+qgqOt5sUu9liZIxZ1R284TNj5MtPt8RjG5X0xn6WSqL0kcKMBg=="
    },
    "popper.js": {
      "version": "1.16.1",
      "resolved": "https://registry.npmjs.org/popper.js/-/popper.js-1.16.1.tgz",
      "integrity": "sha512-Wb4p1J4zyFTbM+u6WuO4XstYx4Ky9Cewe4DWrel7B0w6VVICvPwdOpotjzcf6eD8TsckVnIMNONQyPIUFOUbCQ==",
      "peer": true
    }
  }
}
