
Microsoft Visual Studio Solution File, Format Version 12.00
# Visual Studio Version 16
VisualStudioVersion = 16.0.31105.61
MinimumVisualStudioVersion = 10.0.40219.1
Project("{9A19103F-16F7-4668-BE54-9A1E7A4F7556}") = "proovitoo_RIK", "proovitoo_RIK.csproj", "{7D8BE4C6-49C0-4C35-8665-397FEFAB11AE}"
EndProject
Project("{9A19103F-16F7-4668-BE54-9A1E7A4F7556}") = "Facade", "..\Facade\Facade.csproj", "{33C00FFB-6622-44AE-BCBC-E52D15BDA81E}"
EndProject
Project("{9A19103F-16F7-4668-BE54-9A1E7A4F7556}") = "Infra", "..\Infra\Infra.csproj", "{8B32542E-1FA3-4C05-81AC-B42D306A6CE3}"
EndProject
Project("{9A19103F-16F7-4668-BE54-9A1E7A4F7556}") = "Pages", "..\Pages\Pages.csproj", "{5A196366-9526-4817-8A24-EA363FF48DC3}"
EndProject
Project("{FAE04EC0-301F-11D3-BF4B-00C04F79EFBC}") = "Tests", "..\Tests\Tests.csproj", "{89F3B789-E1E3-47A1-971E-32AF61CD9C5E}"
EndProject
Global
	GlobalSection(SolutionConfigurationPlatforms) = preSolution
		Debug|Any CPU = Debug|Any CPU
		Release|Any CPU = Release|Any CPU
	EndGlobalSection
	GlobalSection(ProjectConfigurationPlatforms) = postSolution
		{7D8BE4C6-49C0-4C35-8665-397FEFAB11AE}.Debug|Any CPU.ActiveCfg = Debug|Any CPU
		{7D8BE4C6-49C0-4C35-8665-397FEFAB11AE}.Debug|Any CPU.Build.0 = Debug|Any CPU
		{7D8BE4C6-49C0-4C35-8665-397FEFAB11AE}.Release|Any CPU.ActiveCfg = Release|Any CPU
		{7D8BE4C6-49C0-4C35-8665-397FEFAB11AE}.Release|Any CPU.Build.0 = Release|Any CPU
		{33C00FFB-6622-44AE-BCBC-E52D15BDA81E}.Debug|Any CPU.ActiveCfg = Debug|Any CPU
		{33C00FFB-6622-44AE-BCBC-E52D15BDA81E}.Debug|Any CPU.Build.0 = Debug|Any CPU
		{33C00FFB-6622-44AE-BCBC-E52D15BDA81E}.Release|Any CPU.ActiveCfg = Release|Any CPU
		{33C00FFB-6622-44AE-BCBC-E52D15BDA81E}.Release|Any CPU.Build.0 = Release|Any CPU
		{8B32542E-1FA3-4C05-81AC-B42D306A6CE3}.Debug|Any CPU.ActiveCfg = Debug|Any CPU
		{8B32542E-1FA3-4C05-81AC-B42D306A6CE3}.Debug|Any CPU.Build.0 = Debug|Any CPU
		{8B32542E-1FA3-4C05-81AC-B42D306A6CE3}.Release|Any CPU.ActiveCfg = Release|Any CPU
		{8B32542E-1FA3-4C05-81AC-B42D306A6CE3}.Release|Any CPU.Build.0 = Release|Any CPU
		{5A196366-9526-4817-8A24-EA363FF48DC3}.Debug|Any CPU.ActiveCfg = Debug|Any CPU
		{5A196366-9526-4817-8A24-EA363FF48DC3}.Debug|Any CPU.Build.0 = Debug|Any CPU
		{5A196366-9526-4817-8A24-EA363FF48DC3}.Release|Any CPU.ActiveCfg = Release|Any CPU
		{5A196366-9526-4817-8A24-EA363FF48DC3}.Release|Any CPU.Build.0 = Release|Any CPU
		{89F3B789-E1E3-47A1-971E-32AF61CD9C5E}.Debug|Any CPU.ActiveCfg = Debug|Any CPU
		{89F3B789-E1E3-47A1-971E-32AF61CD9C5E}.Debug|Any CPU.Build.0 = Debug|Any CPU
		{89F3B789-E1E3-47A1-971E-32AF61CD9C5E}.Release|Any CPU.ActiveCfg = Release|Any CPU
		{89F3B789-E1E3-47A1-971E-32AF61CD9C5E}.Release|Any CPU.Build.0 = Release|Any CPU
	EndGlobalSection
	GlobalSection(SolutionProperties) = preSolution
		HideSolutionNode = FALSE
	EndGlobalSection
	GlobalSection(ExtensibilityGlobals) = postSolution
		SolutionGuid = {926A1140-5AEE-42BE-AC43-D94A44398DA4}
	EndGlobalSection
EndGlobal
